Microsoft Visual Studio Solution File, Format Version 12.00
# Visual Studio 15
VisualStudioVersion = 15.0.27130.0
MinimumVisualStudioVersion = 15.0.26124.0
Project("{2150E333-8FDC-42A3-9474-1A3956D46DE8}") = "src", "src", "{B4FAD31B-C60A-43B7-A0B4-A3576FB7EF22}"
EndProject
Project("{9A19103F-16F7-4668-BE54-9A1E7A4F7556}") = "SiganlR.Core", "src\SiganlR.Core\SiganlR.Core.csproj", "{D5BFA3CD-4175-4766-AB2C-8A2D98068289}"
EndProject
Project("{9A19103F-16F7-4668-BE54-9A1E7A4F7556}") = "SiganlR.Web", "src\SiganlR.Web\SiganlR.Web.csproj", "{CBDB4533-17A3-4472-9B72-8FAC6CD41D79}"
EndProject
Project("{9A19103F-16F7-4668-BE54-9A1E7A4F7556}") = "SiganlR.Console", "src\SiganlR.Console\SiganlR.Console.csproj", "{84A3BDE1-57AE-4DC5-9AC8-4510E08368ED}"
EndProject
Global
	GlobalSection(SolutionConfigurationPlatforms) = preSolution
		Debug|Any CPU = Debug|Any CPU
		Debug|x64 = Debug|x64
		Debug|x86 = Debug|x86
		Release|Any CPU = Release|Any CPU
		Release|x64 = Release|x64
		Release|x86 = Release|x86
	EndGlobalSection
	GlobalSection(ProjectConfigurationPlatforms) = postSolution
		{D5BFA3CD-4175-4766-AB2C-8A2D98068289}.Debug|Any CPU.ActiveCfg = Debug|Any CPU
		{D5BFA3CD-4175-4766-AB2C-8A2D98068289}.Debug|Any CPU.Build.0 = Debug|Any CPU
		{D5BFA3CD-4175-4766-AB2C-8A2D98068289}.Debug|x64.ActiveCfg = Debug|Any CPU
		{D5BFA3CD-4175-4766-AB2C-8A2D98068289}.Debug|x64.Build.0 = Debug|Any CPU
		{D5BFA3CD-4175-4766-AB2C-8A2D98068289}.Debug|x86.ActiveCfg = Debug|Any CPU
		{D5BFA3CD-4175-4766-AB2C-8A2D98068289}.Debug|x86.Build.0 = Debug|Any CPU
		{D5BFA3CD-4175-4766-AB2C-8A2D98068289}.Release|Any CPU.ActiveCfg = Release|Any CPU
		{D5BFA3CD-4175-4766-AB2C-8A2D98068289}.Release|Any CPU.Build.0 = Release|Any CPU
		{D5BFA3CD-4175-4766-AB2C-8A2D98068289}.Release|x64.ActiveCfg = Release|Any CPU
		{D5BFA3CD-4175-4766-AB2C-8A2D98068289}.Release|x64.Build.0 = Release|Any CPU
		{D5BFA3CD-4175-4766-AB2C-8A2D98068289}.Release|x86.ActiveCfg = Release|Any CPU
		{D5BFA3CD-4175-4766-AB2C-8A2D98068289}.Release|x86.Build.0 = Release|Any CPU
		{CBDB4533-17A3-4472-9B72-8FAC6CD41D79}.Debug|Any CPU.ActiveCfg = Debug|Any CPU
		{CBDB4533-17A3-4472-9B72-8FAC6CD41D79}.Debug|Any CPU.Build.0 = Debug|Any CPU
		{CBDB4533-17A3-4472-9B72-8FAC6CD41D79}.Debug|x64.ActiveCfg = Debug|Any CPU
		{CBDB4533-17A3-4472-9B72-8FAC6CD41D79}.Debug|x64.Build.0 = Debug|Any CPU
		{CBDB4533-17A3-4472-9B72-8FAC6CD41D79}.Debug|x86.ActiveCfg = Debug|Any CPU
		{CBDB4533-17A3-4472-9B72-8FAC6CD41D79}.Debug|x86.Build.0 = Debug|Any CPU
		{CBDB4533-17A3-4472-9B72-8FAC6CD41D79}.Release|Any CPU.ActiveCfg = Release|Any CPU
		{CBDB4533-17A3-4472-9B72-8FAC6CD41D79}.Release|Any CPU.Build.0 = Release|Any CPU
		{CBDB4533-17A3-4472-9B72-8FAC6CD41D79}.Release|x64.ActiveCfg = Release|Any CPU
		{CBDB4533-17A3-4472-9B72-8FAC6CD41D79}.Release|x64.Build.0 = Release|Any CPU
		{CBDB4533-17A3-4472-9B72-8FAC6CD41D79}.Release|x86.ActiveCfg = Release|Any CPU
		{CBDB4533-17A3-4472-9B72-8FAC6CD41D79}.Release|x86.Build.0 = Release|Any CPU
		{84A3BDE1-57AE-4DC5-9AC8-4510E08368ED}.Debug|Any CPU.ActiveCfg = Debug|Any CPU
		{84A3BDE1-57AE-4DC5-9AC8-4510E08368ED}.Debug|Any CPU.Build.0 = Debug|Any CPU
		{84A3BDE1-57AE-4DC5-9AC8-4510E08368ED}.Debug|x64.ActiveCfg = Debug|Any CPU
		{84A3BDE1-57AE-4DC5-9AC8-4510E08368ED}.Debug|x64.Build.0 = Debug|Any CPU
		{84A3BDE1-57AE-4DC5-9AC8-4510E08368ED}.Debug|x86.ActiveCfg = Debug|Any CPU
		{84A3BDE1-57AE-4DC5-9AC8-4510E08368ED}.Debug|x86.Build.0 = Debug|Any CPU
		{84A3BDE1-57AE-4DC5-9AC8-4510E08368ED}.Release|Any CPU.ActiveCfg = Release|Any CPU
		{84A3BDE1-57AE-4DC5-9AC8-4510E08368ED}.Release|Any CPU.Build.0 = Release|Any CPU
		{84A3BDE1-57AE-4DC5-9AC8-4510E08368ED}.Release|x64.ActiveCfg = Release|Any CPU
		{84A3BDE1-57AE-4DC5-9AC8-4510E08368ED}.Release|x64.Build.0 = Release|Any CPU
		{84A3BDE1-57AE-4DC5-9AC8-4510E08368ED}.Release|x86.ActiveCfg = Release|Any CPU
		{84A3BDE1-57AE-4DC5-9AC8-4510E08368ED}.Release|x86.Build.0 = Release|Any CPU
	EndGlobalSection
	GlobalSection(SolutionProperties) = preSolution
		HideSolutionNode = FALSE
	EndGlobalSection
	GlobalSection(NestedProjects) = preSolution
		{D5BFA3CD-4175-4766-AB2C-8A2D98068289} = {B4FAD31B-C60A-43B7-A0B4-A3576FB7EF22}
		{CBDB4533-17A3-4472-9B72-8FAC6CD41D79} = {B4FAD31B-C60A-43B7-A0B4-A3576FB7EF22}
		{84A3BDE1-57AE-4DC5-9AC8-4510E08368ED} = {B4FAD31B-C60A-43B7-A0B4-A3576FB7EF22}
	EndGlobalSection
	GlobalSection(ExtensibilityGlobals) = postSolution
		SolutionGuid = {609F7921-BD93-4B94-A59E-2E29CE66D373}
	EndGlobalSection
EndGlobal
